
Microsoft Visual Studio Solution File, Format Version 12.00
# Visual Studio Version 17
VisualStudioVersion = 17.12.35707.178
MinimumVisualStudioVersion = 10.0.40219.1
Project("{FAE04EC0-301F-11D3-BF4B-00C04F79EFBC}") = "AM.UI.Console", "AM.UI.Console\AM.UI.Console.csproj", "{8707D3DC-D321-4188-852A-B7A8DEF74C77}"
EndProject
Project("{FAE04EC0-301F-11D3-BF4B-00C04F79EFBC}") = "AM.ApplicationCore", "AM.ApplicationCore\AM.ApplicationCore.csproj", "{1DF2E3F5-84FB-44F9-8E7F-1238A6EAF444}"
EndProject
Project("{FAE04EC0-301F-11D3-BF4B-00C04F79EFBC}") = "AM.Infrastructure", "AM.Infrastructure\AM.Infrastructure.csproj", "{A01C0EA5-1FCA-4C6A-9441-065AF322E8C9}"
EndProject
Global
	GlobalSection(SolutionConfigurationPlatforms) = preSolution
		Debug|Any CPU = Debug|Any CPU
		Release|Any CPU = Release|Any CPU
	EndGlobalSection
	GlobalSection(ProjectConfigurationPlatforms) = postSolution
		{8707D3DC-D321-4188-852A-B7A8DEF74C77}.Debug|Any CPU.ActiveCfg = Debug|Any CPU
		{8707D3DC-D321-4188-852A-B7A8DEF74C77}.Debug|Any CPU.Build.0 = Debug|Any CPU
		{8707D3DC-D321-4188-852A-B7A8DEF74C77}.Release|Any CPU.ActiveCfg = Release|Any CPU
		{8707D3DC-D321-4188-852A-B7A8DEF74C77}.Release|Any CPU.Build.0 = Release|Any CPU
		{1DF2E3F5-84FB-44F9-8E7F-1238A6EAF444}.Debug|Any CPU.ActiveCfg = Debug|Any CPU
		{1DF2E3F5-84FB-44F9-8E7F-1238A6EAF444}.Debug|Any CPU.Build.0 = Debug|Any CPU
		{1DF2E3F5-84FB-44F9-8E7F-1238A6EAF444}.Release|Any CPU.ActiveCfg = Release|Any CPU
		{1DF2E3F5-84FB-44F9-8E7F-1238A6EAF444}.Release|Any CPU.Build.0 = Release|Any CPU
		{A01C0EA5-1FCA-4C6A-9441-065AF322E8C9}.Debug|Any CPU.ActiveCfg = Debug|Any CPU
		{A01C0EA5-1FCA-4C6A-9441-065AF322E8C9}.Debug|Any CPU.Build.0 = Debug|Any CPU
		{A01C0EA5-1FCA-4C6A-9441-065AF322E8C9}.Release|Any CPU.ActiveCfg = Release|Any CPU
		{A01C0EA5-1FCA-4C6A-9441-065AF322E8C9}.Release|Any CPU.Build.0 = Release|Any CPU
	EndGlobalSection
	GlobalSection(SolutionProperties) = preSolution
		HideSolutionNode = FALSE
	EndGlobalSection
EndGlobal
